
Microsoft Visual Studio Solution File, Format Version 12.00
# Visual Studio Version 17
VisualStudioVersion = 17.12.35527.113 d17.12
MinimumVisualStudioVersion = 10.0.40219.1
Project("{FAE04EC0-301F-11D3-BF4B-00C04F79EFBC}") = "RepoPatternAndJwt", "RepoPatternAndJwt\RepoPatternAndJwt.csproj", "{E2175848-D139-4D84-9581-82B0D550A7D2}"
EndProject
Project("{FAE04EC0-301F-11D3-BF4B-00C04F79EFBC}") = "RepoPatternAndJwt.Core", "RepoPatternAndJwt.Core\RepoPatternAndJwt.Core.csproj", "{5F9256CB-88F4-4721-856B-4E3BDE2F0E1A}"
EndProject
Project("{FAE04EC0-301F-11D3-BF4B-00C04F79EFBC}") = "RepoPatternAndJwt.EF", "RepoPatternAndJwt.EF\RepoPatternAndJwt.EF.csproj", "{1A69324C-C1D2-4168-A9C1-FCBE71A18286}"
EndProject
Global
	GlobalSection(SolutionConfigurationPlatforms) = preSolution
		Debug|Any CPU = Debug|Any CPU
		Release|Any CPU = Release|Any CPU
	EndGlobalSection
	GlobalSection(ProjectConfigurationPlatforms) = postSolution
		{E2175848-D139-4D84-9581-82B0D550A7D2}.Debug|Any CPU.ActiveCfg = Debug|Any CPU
		{E2175848-D139-4D84-9581-82B0D550A7D2}.Debug|Any CPU.Build.0 = Debug|Any CPU
		{E2175848-D139-4D84-9581-82B0D550A7D2}.Release|Any CPU.ActiveCfg = Release|Any CPU
		{E2175848-D139-4D84-9581-82B0D550A7D2}.Release|Any CPU.Build.0 = Release|Any CPU
		{5F9256CB-88F4-4721-856B-4E3BDE2F0E1A}.Debug|Any CPU.ActiveCfg = Debug|Any CPU
		{5F9256CB-88F4-4721-856B-4E3BDE2F0E1A}.Debug|Any CPU.Build.0 = Debug|Any CPU
		{5F9256CB-88F4-4721-856B-4E3BDE2F0E1A}.Release|Any CPU.ActiveCfg = Release|Any CPU
		{5F9256CB-88F4-4721-856B-4E3BDE2F0E1A}.Release|Any CPU.Build.0 = Release|Any CPU
		{1A69324C-C1D2-4168-A9C1-FCBE71A18286}.Debug|Any CPU.ActiveCfg = Debug|Any CPU
		{1A69324C-C1D2-4168-A9C1-FCBE71A18286}.Debug|Any CPU.Build.0 = Debug|Any CPU
		{1A69324C-C1D2-4168-A9C1-FCBE71A18286}.Release|Any CPU.ActiveCfg = Release|Any CPU
		{1A69324C-C1D2-4168-A9C1-FCBE71A18286}.Release|Any CPU.Build.0 = Release|Any CPU
	EndGlobalSection
	GlobalSection(SolutionProperties) = preSolution
		HideSolutionNode = FALSE
	EndGlobalSection
EndGlobal
